// !$*UTF8*$!
{
	archiveVersion = 1;
	classes = {
	};
	objectVersion = 51;
	objects = {

/* Begin PBXBuildFile section */
		327FECAEE91B4A8A9D3A4675 /* Pods_remedy.framework in Frameworks */ = {isa = PBXBuildFile; fileRef = 4CD0DA1EBD1C68FFE4EB0202 /* Pods_remedy.framework */; };
		37540E98256F1B1700859928 /* Driver.swift in Sources */ = {isa = PBXBuildFile; fileRef = 37540E97256F1B1700859928 /* Driver.swift */; };
		37720044254A6BBA006E31F4 /* PharmacyVC.swift in Sources */ = {isa = PBXBuildFile; fileRef = 37720043254A6BBA006E31F4 /* PharmacyVC.swift */; };
		37A5D87E2571B8BB00C3074B /* EtaVC.swift in Sources */ = {isa = PBXBuildFile; fileRef = 37A5D87D2571B8BB00C3074B /* EtaVC.swift */; };
		42472FF12531015E003E2410 /* AppDelegate.swift in Sources */ = {isa = PBXBuildFile; fileRef = 42472FF02531015E003E2410 /* AppDelegate.swift */; };
		42472FF32531015E003E2410 /* SceneDelegate.swift in Sources */ = {isa = PBXBuildFile; fileRef = 42472FF22531015E003E2410 /* SceneDelegate.swift */; };
		42472FF52531015E003E2410 /* ViewController.swift in Sources */ = {isa = PBXBuildFile; fileRef = 42472FF42531015E003E2410 /* ViewController.swift */; };
		42472FF82531015E003E2410 /* Main.storyboard in Resources */ = {isa = PBXBuildFile; fileRef = 42472FF62531015E003E2410 /* Main.storyboard */; };
		42472FFA25310162003E2410 /* Assets.xcassets in Resources */ = {isa = PBXBuildFile; fileRef = 42472FF925310162003E2410 /* Assets.xcassets */; };
		42472FFD25310162003E2410 /* LaunchScreen.storyboard in Resources */ = {isa = PBXBuildFile; fileRef = 42472FFB25310162003E2410 /* LaunchScreen.storyboard */; };
		964516E9256D901F00FFFB89 /* UsernameVC.swift in Sources */ = {isa = PBXBuildFile; fileRef = 964516E8256D901F00FFFB89 /* UsernameVC.swift */; };
		96CC9F16254678C000F6DC1D /* ConfirmationVC.swift in Sources */ = {isa = PBXBuildFile; fileRef = 96CC9F15254678C000F6DC1D /* ConfirmationVC.swift */; };
		96CC9F1925467C9100F6DC1D /* DriverVC.swift in Sources */ = {isa = PBXBuildFile; fileRef = 96CC9F1825467C9100F6DC1D /* DriverVC.swift */; };
/* End PBXBuildFile section */

/* Begin PBXFileReference section */
		37540E97256F1B1700859928 /* Driver.swift */ = {isa = PBXFileReference; lastKnownFileType = sourcecode.swift; path = Driver.swift; sourceTree = "<group>"; };
		37720043254A6BBA006E31F4 /* PharmacyVC.swift */ = {isa = PBXFileReference; lastKnownFileType = sourcecode.swift; path = PharmacyVC.swift; sourceTree = "<group>"; };
		37A5D87D2571B8BB00C3074B /* EtaVC.swift */ = {isa = PBXFileReference; lastKnownFileType = sourcecode.swift; path = EtaVC.swift; sourceTree = "<group>"; };
		42472FED2531015E003E2410 /* remedy.app */ = {isa = PBXFileReference; explicitFileType = wrapper.application; includeInIndex = 0; path = remedy.app; sourceTree = BUILT_PRODUCTS_DIR; };
		42472FF02531015E003E2410 /* AppDelegate.swift */ = {isa = PBXFileReference; lastKnownFileType = sourcecode.swift; path = AppDelegate.swift; sourceTree = "<group>"; };
		42472FF22531015E003E2410 /* SceneDelegate.swift */ = {isa = PBXFileReference; lastKnownFileType = sourcecode.swift; path = SceneDelegate.swift; sourceTree = "<group>"; };
		42472FF42531015E003E2410 /* ViewController.swift */ = {isa = PBXFileReference; lastKnownFileType = sourcecode.swift; path = ViewController.swift; sourceTree = "<group>"; };
		42472FF72531015E003E2410 /* Base */ = {isa = PBXFileReference; lastKnownFileType = file.storyboard; name = Base; path = Base.lproj/Main.storyboard; sourceTree = "<group>"; };
		42472FF925310162003E2410 /* Assets.xcassets */ = {isa = PBXFileReference; lastKnownFileType = folder.assetcatalog; path = Assets.xcassets; sourceTree = "<group>"; };
		42472FFC25310162003E2410 /* Base */ = {isa = PBXFileReference; lastKnownFileType = file.storyboard; name = Base; path = Base.lproj/LaunchScreen.storyboard; sourceTree = "<group>"; };
		42472FFE25310163003E2410 /* Info.plist */ = {isa = PBXFileReference; lastKnownFileType = text.plist.xml; path = Info.plist; sourceTree = "<group>"; };
		4CD0DA1EBD1C68FFE4EB0202 /* Pods_remedy.framework */ = {isa = PBXFileReference; explicitFileType = wrapper.framework; includeInIndex = 0; path = Pods_remedy.framework; sourceTree = BUILT_PRODUCTS_DIR; };
		964516E8256D901F00FFFB89 /* UsernameVC.swift */ = {isa = PBXFileReference; lastKnownFileType = sourcecode.swift; path = UsernameVC.swift; sourceTree = "<group>"; };
		96CC9F15254678C000F6DC1D /* ConfirmationVC.swift */ = {isa = PBXFileReference; lastKnownFileType = sourcecode.swift; path = ConfirmationVC.swift; sourceTree = "<group>"; };
		96CC9F1825467C9100F6DC1D /* DriverVC.swift */ = {isa = PBXFileReference; lastKnownFileType = sourcecode.swift; path = DriverVC.swift; sourceTree = "<group>"; };
		993C0F741472FD58402652D8 /* Pods-remedy.release.xcconfig */ = {isa = PBXFileReference; includeInIndex = 1; lastKnownFileType = text.xcconfig; name = "Pods-remedy.release.xcconfig"; path = "Target Support Files/Pods-remedy/Pods-remedy.release.xcconfig"; sourceTree = "<group>"; };
		E8FA7C144071B0C3423475FE /* Pods-remedy.debug.xcconfig */ = {isa = PBXFileReference; includeInIndex = 1; lastKnownFileType = text.xcconfig; name = "Pods-remedy.debug.xcconfig"; path = "Target Support Files/Pods-remedy/Pods-remedy.debug.xcconfig"; sourceTree = "<group>"; };
/* End PBXFileReference section */

/* Begin PBXFrameworksBuildPhase section */
		42472FEA2531015E003E2410 /* Frameworks */ = {
			isa = PBXFrameworksBuildPhase;
			buildActionMask = 2147483647;
			files = (
				327FECAEE91B4A8A9D3A4675 /* Pods_remedy.framework in Frameworks */,
			);
			runOnlyForDeploymentPostprocessing = 0;
		};
/* End PBXFrameworksBuildPhase section */

/* Begin PBXGroup section */
		42472FE42531015D003E2410 = {
			isa = PBXGroup;
			children = (
				42472FEF2531015E003E2410 /* remedy */,
				42472FEE2531015E003E2410 /* Products */,
				73D4ADDE5EF721430031FC39 /* Pods */,
				A3E4BF168CB041C7382DCF85 /* Frameworks */,
			);
			sourceTree = "<group>";
		};
		42472FEE2531015E003E2410 /* Products */ = {
			isa = PBXGroup;
			children = (
				42472FED2531015E003E2410 /* remedy.app */,
			);
			name = Products;
			sourceTree = "<group>";
		};
		42472FEF2531015E003E2410 /* remedy */ = {
			isa = PBXGroup;
			children = (
				42472FF02531015E003E2410 /* AppDelegate.swift */,
				42472FF22531015E003E2410 /* SceneDelegate.swift */,
				42472FF42531015E003E2410 /* ViewController.swift */,
				42472FF62531015E003E2410 /* Main.storyboard */,
				42472FF925310162003E2410 /* Assets.xcassets */,
				42472FFB25310162003E2410 /* LaunchScreen.storyboard */,
				42472FFE25310163003E2410 /* Info.plist */,
				96CC9F15254678C000F6DC1D /* ConfirmationVC.swift */,
				96CC9F1825467C9100F6DC1D /* DriverVC.swift */,
				37720043254A6BBA006E31F4 /* PharmacyVC.swift */,
				964516E8256D901F00FFFB89 /* UsernameVC.swift */,
				37540E97256F1B1700859928 /* Driver.swift */,
				37A5D87D2571B8BB00C3074B /* EtaVC.swift */,
			);
			path = remedy;
			sourceTree = "<group>";
		};
		73D4ADDE5EF721430031FC39 /* Pods */ = {
			isa = PBXGroup;
			children = (
				E8FA7C144071B0C3423475FE /* Pods-remedy.debug.xcconfig */,
				993C0F741472FD58402652D8 /* Pods-remedy.release.xcconfig */,
			);
			path = Pods;
			sourceTree = "<group>";
		};
		A3E4BF168CB041C7382DCF85 /* Frameworks */ = {
			isa = PBXGroup;
			children = (
				4CD0DA1EBD1C68FFE4EB0202 /* Pods_remedy.framework */,
			);
			name = Frameworks;
			sourceTree = "<group>";
		};
/* End PBXGroup section */

/* Begin PBXNativeTarget section */
		42472FEC2531015E003E2410 /* remedy */ = {
			isa = PBXNativeTarget;
			buildConfigurationList = 4247300125310163003E2410 /* Build configuration list for PBXNativeTarget "remedy" */;
			buildPhases = (
				FFB050E9FEEFE29E92A859BB /* [CP] Check Pods Manifest.lock */,
				42472FE92531015E003E2410 /* Sources */,
				42472FEA2531015E003E2410 /* Frameworks */,
				42472FEB2531015E003E2410 /* Resources */,
				CC0099F2C91A537233A2A149 /* [CP] Copy Pods Resources */,
				4972CA7D919B1EF53D681AE7 /* [CP] Embed Pods Frameworks */,
			);
			buildRules = (
			);
			dependencies = (
			);
			name = remedy;
			productName = remedy;
			productReference = 42472FED2531015E003E2410 /* remedy.app */;
			productType = "com.apple.product-type.application";
		};
/* End PBXNativeTarget section */

/* Begin PBXProject section */
		42472FE52531015E003E2410 /* Project object */ = {
			isa = PBXProject;
			attributes = {
				LastSwiftUpdateCheck = 1200;
				LastUpgradeCheck = 1200;
				TargetAttributes = {
					42472FEC2531015E003E2410 = {
						CreatedOnToolsVersion = 12.0.1;
					};
				};
			};
			buildConfigurationList = 42472FE82531015E003E2410 /* Build configuration list for PBXProject "remedy" */;
			compatibilityVersion = "Xcode 9.3";
			developmentRegion = en;
			hasScannedForEncodings = 0;
			knownRegions = (
				en,
				Base,
			);
			mainGroup = 42472FE42531015D003E2410;
			productRefGroup = 42472FEE2531015E003E2410 /* Products */;
			projectDirPath = "";
			projectRoot = "";
			targets = (
				42472FEC2531015E003E2410 /* remedy */,
			);
		};
/* End PBXProject section */

/* Begin PBXResourcesBuildPhase section */
		42472FEB2531015E003E2410 /* Resources */ = {
			isa = PBXResourcesBuildPhase;
			buildActionMask = 2147483647;
			files = (
				42472FFD25310162003E2410 /* LaunchScreen.storyboard in Resources */,
				42472FFA25310162003E2410 /* Assets.xcassets in Resources */,
				42472FF82531015E003E2410 /* Main.storyboard in Resources */,
			);
			runOnlyForDeploymentPostprocessing = 0;
		};
/* End PBXResourcesBuildPhase section */

/* Begin PBXShellScriptBuildPhase section */
		4972CA7D919B1EF53D681AE7 /* [CP] Embed Pods Frameworks */ = {
			isa = PBXShellScriptBuildPhase;
			buildActionMask = 2147483647;
			files = (
			);
			inputFileListPaths = (
				"${PODS_ROOT}/Target Support Files/Pods-remedy/Pods-remedy-frameworks-${CONFIGURATION}-input-files.xcfilelist",
			);
			name = "[CP] Embed Pods Frameworks";
			outputFileListPaths = (
				"${PODS_ROOT}/Target Support Files/Pods-remedy/Pods-remedy-frameworks-${CONFIGURATION}-output-files.xcfilelist",
			);
			runOnlyForDeploymentPostprocessing = 0;
			shellPath = /bin/sh;
			shellScript = "\"${PODS_ROOT}/Target Support Files/Pods-remedy/Pods-remedy-frameworks.sh\"\n";
			showEnvVarsInLog = 0;
		};
		CC0099F2C91A537233A2A149 /* [CP] Copy Pods Resources */ = {
			isa = PBXShellScriptBuildPhase;
			buildActionMask = 2147483647;
			files = (
			);
			inputFileListPaths = (
				"${PODS_ROOT}/Target Support Files/Pods-remedy/Pods-remedy-resources-${CONFIGURATION}-input-files.xcfilelist",
			);
			name = "[CP] Copy Pods Resources";
			outputFileListPaths = (
				"${PODS_ROOT}/Target Support Files/Pods-remedy/Pods-remedy-resources-${CONFIGURATION}-output-files.xcfilelist",
			);
			runOnlyForDeploymentPostprocessing = 0;
			shellPath = /bin/sh;
			shellScript = "\"${PODS_ROOT}/Target Support Files/Pods-remedy/Pods-remedy-resources.sh\"\n";
			showEnvVarsInLog = 0;
		};
		FFB050E9FEEFE29E92A859BB /* [CP] Check Pods Manifest.lock */ = {
			isa = PBXShellScriptBuildPhase;
			buildActionMask = 2147483647;
			files = (
			);
			inputFileListPaths = (
			);
			inputPaths = (
				"${PODS_PODFILE_DIR_PATH}/Podfile.lock",
				"${PODS_ROOT}/Manifest.lock",
			);
			name = "[CP] Check Pods Manifest.lock";
			outputFileListPaths = (
			);
			outputPaths = (
				"$(DERIVED_FILE_DIR)/Pods-remedy-checkManifestLockResult.txt",
			);
			runOnlyForDeploymentPostprocessing = 0;
			shellPath = /bin/sh;
			shellScript = "diff \"${PODS_PODFILE_DIR_PATH}/Podfile.lock\" \"${PODS_ROOT}/Manifest.lock\" > /dev/null\nif [ $? != 0 ] ; then\n    # print error to STDERR\n    echo \"error: The sandbox is not in sync with the Podfile.lock. Run 'pod install' or update your CocoaPods installation.\" >&2\n    exit 1\nfi\n# This output is used by Xcode 'outputs' to avoid re-running this script phase.\necho \"SUCCESS\" > \"${SCRIPT_OUTPUT_FILE_0}\"\n";
			showEnvVarsInLog = 0;
		};
/* End PBXShellScriptBuildPhase section */

/* Begin PBXSourcesBuildPhase section */
		42472FE92531015E003E2410 /* Sources */ = {
			isa = PBXSourcesBuildPhase;
			buildActionMask = 2147483647;
			files = (
				37A5D87E2571B8BB00C3074B /* EtaVC.swift in Sources */,
				96CC9F16254678C000F6DC1D /* ConfirmationVC.swift in Sources */,
				42472FF52531015E003E2410 /* ViewController.swift in Sources */,
				964516E9256D901F00FFFB89 /* UsernameVC.swift in Sources */,
				37540E98256F1B1700859928 /* Driver.swift in Sources */,
				37720044254A6BBA006E31F4 /* PharmacyVC.swift in Sources */,
				42472FF12531015E003E2410 /* AppDelegate.swift in Sources */,
				96CC9F1925467C9100F6DC1D /* DriverVC.swift in Sources */,
				42472FF32531015E003E2410 /* SceneDelegate.swift in Sources */,
			);
			runOnlyForDeploymentPostprocessing = 0;
		};
/* End PBXSourcesBuildPhase section */

/* Begin PBXVariantGroup section */
		42472FF62531015E003E2410 /* Main.storyboard */ = {
			isa = PBXVariantGroup;
			children = (
				42472FF72531015E003E2410 /* Base */,
			);
			name = Main.storyboard;
			sourceTree = "<group>";
		};
		42472FFB25310162003E2410 /* LaunchScreen.storyboard */ = {
			isa = PBXVariantGroup;
			children = (
				42472FFC25310162003E2410 /* Base */,
			);
			name = LaunchScreen.storyboard;
			sourceTree = "<group>";
		};
/* End PBXVariantGroup section */

/* Begin XCBuildConfiguration section */
		42472FFF25310163003E2410 /* Debug */ = {
			isa = XCBuildConfiguration;
			buildSettings = {
				ALWAYS_SEARCH_USER_PATHS = NO;
				CLANG_ANALYZER_NONNULL = YES;
				CLANG_ANALYZER_NUMBER_OBJECT_CONVERSION = YES_AGGRESSIVE;
				CLANG_CXX_LANGUAGE_STANDARD = "gnu++14";
				CLANG_CXX_LIBRARY = "libc++";
				CLANG_ENABLE_MODULES = YES;
				CLANG_ENABLE_OBJC_ARC = YES;
				CLANG_ENABLE_OBJC_WEAK = YES;
				CLANG_WARN_BLOCK_CAPTURE_AUTORELEASING = YES;
				CLANG_WARN_BOOL_CONVERSION = YES;
				CLANG_WARN_COMMA = YES;
				CLANG_WARN_CONSTANT_CONVERSION = YES;
				CLANG_WARN_DEPRECATED_OBJC_IMPLEMENTATIONS = YES;
				CLANG_WARN_DIRECT_OBJC_ISA_USAGE = YES_ERROR;
				CLANG_WARN_DOCUMENTATION_COMMENTS = YES;
				CLANG_WARN_EMPTY_BODY = YES;
				CLANG_WARN_ENUM_CONVERSION = YES;
				CLANG_WARN_INFINITE_RECURSION = YES;
				CLANG_WARN_INT_CONVERSION = YES;
				CLANG_WARN_NON_LITERAL_NULL_CONVERSION = YES;
				CLANG_WARN_OBJC_IMPLICIT_RETAIN_SELF = YES;
				CLANG_WARN_OBJC_LITERAL_CONVERSION = YES;
				CLANG_WARN_OBJC_ROOT_CLASS = YES_ERROR;
				CLANG_WARN_QUOTED_INCLUDE_IN_FRAMEWORK_HEADER = YES;
				CLANG_WARN_RANGE_LOOP_ANALYSIS = YES;
				CLANG_WARN_STRICT_PROTOTYPES = YES;
				CLANG_WARN_SUSPICIOUS_MOVE = YES;
				CLANG_WARN_UNGUARDED_AVAILABILITY = YES_AGGRESSIVE;
				CLANG_WARN_UNREACHABLE_CODE = YES;
				CLANG_WARN__DUPLICATE_METHOD_MATCH = YES;
				COPY_PHASE_STRIP = NO;
				DEBUG_INFORMATION_FORMAT = dwarf;
				ENABLE_STRICT_OBJC_MSGSEND = YES;
				ENABLE_TESTABILITY = YES;
				GCC_C_LANGUAGE_STANDARD = gnu11;
				GCC_DYNAMIC_NO_PIC = NO;
				GCC_NO_COMMON_BLOCKS = YES;
				GCC_OPTIMIZATION_LEVEL = 0;
				GCC_PREPROCESSOR_DEFINITIONS = (
					"DEBUG=1",
					"$(inherited)",
				);
				GCC_WARN_64_TO_32_BIT_CONVERSION = YES;
				GCC_WARN_ABOUT_RETURN_TYPE = YES_ERROR;
				GCC_WARN_UNDECLARED_SELECTOR = YES;
				GCC_WARN_UNINITIALIZED_AUTOS = YES_AGGRESSIVE;
				GCC_WARN_UNUSED_FUNCTION = YES;
				GCC_WARN_UNUSED_VARIABLE = YES;
				IPHONEOS_DEPLOYMENT_TARGET = 14.0;
				MTL_ENABLE_DEBUG_INFO = INCLUDE_SOURCE;
				MTL_FAST_MATH = YES;
				ONLY_ACTIVE_ARCH = YES;
				SDKROOT = iphoneos;
				SWIFT_ACTIVE_COMPILATION_CONDITIONS = DEBUG;
				SWIFT_OPTIMIZATION_LEVEL = "-Onone";
			};
			name = Debug;
		};
		4247300025310163003E2410 /* Release */ = {
			isa = XCBuildConfiguration;
			buildSettings = {
				ALWAYS_SEARCH_USER_PATHS = NO;
				CLANG_ANALYZER_NONNULL = YES;
				CLANG_ANALYZER_NUMBER_OBJECT_CONVERSION = YES_AGGRESSIVE;
				CLANG_CXX_LANGUAGE_STANDARD = "gnu++14";
				CLANG_CXX_LIBRARY = "libc++";
				CLANG_ENABLE_MODULES = YES;
				CLANG_ENABLE_OBJC_ARC = YES;
				CLANG_ENABLE_OBJC_WEAK = YES;
				CLANG_WARN_BLOCK_CAPTURE_AUTORELEASING = YES;
				CLANG_WARN_BOOL_CONVERSION = YES;
				CLANG_WARN_COMMA = YES;
				CLANG_WARN_CONSTANT_CONVERSION = YES;
				CLANG_WARN_DEPRECATED_OBJC_IMPLEMENTATIONS = YES;
				CLANG_WARN_DIRECT_OBJC_ISA_USAGE = YES_ERROR;
				CLANG_WARN_DOCUMENTATION_COMMENTS = YES;
				CLANG_WARN_EMPTY_BODY = YES;
				CLANG_WARN_ENUM_CONVERSION = YES;
				CLANG_WARN_INFINITE_RECURSION = YES;
				CLANG_WARN_INT_CONVERSION = YES;
				CLANG_WARN_NON_LITERAL_NULL_CONVERSION = YES;
				CLANG_WARN_OBJC_IMPLICIT_RETAIN_SELF = YES;
				CLANG_WARN_OBJC_LITERAL_CONVERSION = YES;
				CLANG_WARN_OBJC_ROOT_CLASS = YES_ERROR;
				CLANG_WARN_QUOTED_INCLUDE_IN_FRAMEWORK_HEADER = YES;
				CLANG_WARN_RANGE_LOOP_ANALYSIS = YES;
				CLANG_WARN_STRICT_PROTOTYPES = YES;
				CLANG_WARN_SUSPICIOUS_MOVE = YES;
				CLANG_WARN_UNGUARDED_AVAILABILITY = YES_AGGRESSIVE;
				CLANG_WARN_UNREACHABLE_CODE = YES;
				CLANG_WARN__DUPLICATE_METHOD_MATCH = YES;
				COPY_PHASE_STRIP = NO;
				DEBUG_INFORMATION_FORMAT = "dwarf-with-dsym";
				ENABLE_NS_ASSERTIONS = NO;
				ENABLE_STRICT_OBJC_MSGSEND = YES;
				GCC_C_LANGUAGE_STANDARD = gnu11;
				GCC_NO_COMMON_BLOCKS = YES;
				GCC_WARN_64_TO_32_BIT_CONVERSION = YES;
				GCC_WARN_ABOUT_RETURN_TYPE = YES_ERROR;
				GCC_WARN_UNDECLARED_SELECTOR = YES;
				GCC_WARN_UNINITIALIZED_AUTOS = YES_AGGRESSIVE;
				GCC_WARN_UNUSED_FUNCTION = YES;
				GCC_WARN_UNUSED_VARIABLE = YES;
				IPHONEOS_DEPLOYMENT_TARGET = 14.0;
				MTL_ENABLE_DEBUG_INFO = NO;
				MTL_FAST_MATH = YES;
				SDKROOT = iphoneos;
				SWIFT_COMPILATION_MODE = wholemodule;
				SWIFT_OPTIMIZATION_LEVEL = "-O";
				VALIDATE_PRODUCT = YES;
			};
			name = Release;
		};
		4247300225310163003E2410 /* Debug */ = {
			isa = XCBuildConfiguration;
			baseConfigurationReference = E8FA7C144071B0C3423475FE /* Pods-remedy.debug.xcconfig */;
			buildSettings = {
				ASSETCATALOG_COMPILER_APPICON_NAME = AppIcon;
				ASSETCATALOG_COMPILER_GLOBAL_ACCENT_COLOR_NAME = AccentColor;
				CODE_SIGN_STYLE = Automatic;
				DEVELOPMENT_TEAM = AAJB35J6JZ;
				INFOPLIST_FILE = remedy/Info.plist;
				LD_RUNPATH_SEARCH_PATHS = (
					"$(inherited)",
					"@executable_path/Frameworks",
				);
				PRODUCT_BUNDLE_IDENTIFIER = edu.umich.aditibh.remedy;
				PRODUCT_NAME = "$(TARGET_NAME)";
				SWIFT_VERSION = 5.0;
				TARGETED_DEVICE_FAMILY = 1;
			};
			name = Debug;
		};
		4247300325310163003E2410 /* Release */ = {
			isa = XCBuildConfiguration;
			baseConfigurationReference = 993C0F741472FD58402652D8 /* Pods-remedy.release.xcconfig */;
			buildSettings = {
				ASSETCATALOG_COMPILER_APPICON_NAME = AppIcon;
				ASSETCATALOG_COMPILER_GLOBAL_ACCENT_COLOR_NAME = AccentColor;
				CODE_SIGN_STYLE = Automatic;
				DEVELOPMENT_TEAM = AAJB35J6JZ;
				INFOPLIST_FILE = remedy/Info.plist;
				LD_RUNPATH_SEARCH_PATHS = (
					"$(inherited)",
					"@executable_path/Frameworks",
				);
				PRODUCT_BUNDLE_IDENTIFIER = edu.umich.aditibh.remedy;
				PRODUCT_NAME = "$(TARGET_NAME)";
				SWIFT_VERSION = 5.0;
				TARGETED_DEVICE_FAMILY = 1;
			};
			name = Release;
		};
/* End XCBuildConfiguration section */

/* Begin XCConfigurationList section */
		42472FE82531015E003E2410 /* Build configuration list for PBXProject "remedy" */ = {
			isa = XCConfigurationList;
			buildConfigurations = (
				42472FFF25310163003E2410 /* Debug */,
				4247300025310163003E2410 /* Release */,
			);
			defaultConfigurationIsVisible = 0;
			defaultConfigurationName = Release;
		};
		4247300125310163003E2410 /* Build configuration list for PBXNativeTarget "remedy" */ = {
			isa = XCConfigurationList;
			buildConfigurations = (
				4247300225310163003E2410 /* Debug */,
				4247300325310163003E2410 /* Release */,
			);
			defaultConfigurationIsVisible = 0;
			defaultConfigurationName = Release;
		};
/* End XCConfigurationList section */
	};
	rootObject = 42472FE52531015E003E2410 /* Project object */;
}
